
Microsoft Visual Studio Solution File, Format Version 12.00
Project("{FAE04EC0-301F-11D3-BF4B-00C04F79EFBC}") = "Application", "Application\Application.csproj", "{5401A198-BB8B-404A-A376-9820785F7A85}"
EndProject
Project("{FAE04EC0-301F-11D3-BF4B-00C04F79EFBC}") = "Domain", "Domain\Domain.csproj", "{2817705F-9AA4-4F60-BBDA-7B84F90FB6FF}"
EndProject
Project("{FAE04EC0-301F-11D3-BF4B-00C04F79EFBC}") = "Infrastructure", "Infrastructure\Infrastructure.csproj", "{5585DF94-DFE7-4E04-BB1A-5CA249C8D7AA}"
EndProject
Project("{2150E333-8FDC-42A3-9474-1A3956D46DE8}") = "Presentation", "Presentation", "{A7B3F7A2-41F1-428B-BAB9-C0DABF08F7BB}"
EndProject
Project("{FAE04EC0-301F-11D3-BF4B-00C04F79EFBC}") = "Api", "Api\Api.csproj", "{7A02DAAF-93EC-4A69-85C1-4C07937B4071}"
EndProject
Global
	GlobalSection(SolutionConfigurationPlatforms) = preSolution
		Debug|Any CPU = Debug|Any CPU
		Release|Any CPU = Release|Any CPU
	EndGlobalSection
	GlobalSection(ProjectConfigurationPlatforms) = postSolution
		{5401A198-BB8B-404A-A376-9820785F7A85}.Debug|Any CPU.ActiveCfg = Debug|Any CPU
		{5401A198-BB8B-404A-A376-9820785F7A85}.Debug|Any CPU.Build.0 = Debug|Any CPU
		{5401A198-BB8B-404A-A376-9820785F7A85}.Release|Any CPU.ActiveCfg = Release|Any CPU
		{5401A198-BB8B-404A-A376-9820785F7A85}.Release|Any CPU.Build.0 = Release|Any CPU
		{2817705F-9AA4-4F60-BBDA-7B84F90FB6FF}.Debug|Any CPU.ActiveCfg = Debug|Any CPU
		{2817705F-9AA4-4F60-BBDA-7B84F90FB6FF}.Debug|Any CPU.Build.0 = Debug|Any CPU
		{2817705F-9AA4-4F60-BBDA-7B84F90FB6FF}.Release|Any CPU.ActiveCfg = Release|Any CPU
		{2817705F-9AA4-4F60-BBDA-7B84F90FB6FF}.Release|Any CPU.Build.0 = Release|Any CPU
		{5585DF94-DFE7-4E04-BB1A-5CA249C8D7AA}.Debug|Any CPU.ActiveCfg = Debug|Any CPU
		{5585DF94-DFE7-4E04-BB1A-5CA249C8D7AA}.Debug|Any CPU.Build.0 = Debug|Any CPU
		{5585DF94-DFE7-4E04-BB1A-5CA249C8D7AA}.Release|Any CPU.ActiveCfg = Release|Any CPU
		{5585DF94-DFE7-4E04-BB1A-5CA249C8D7AA}.Release|Any CPU.Build.0 = Release|Any CPU
		{7A02DAAF-93EC-4A69-85C1-4C07937B4071}.Debug|Any CPU.ActiveCfg = Debug|Any CPU
		{7A02DAAF-93EC-4A69-85C1-4C07937B4071}.Debug|Any CPU.Build.0 = Debug|Any CPU
		{7A02DAAF-93EC-4A69-85C1-4C07937B4071}.Release|Any CPU.ActiveCfg = Release|Any CPU
		{7A02DAAF-93EC-4A69-85C1-4C07937B4071}.Release|Any CPU.Build.0 = Release|Any CPU
	EndGlobalSection
	GlobalSection(NestedProjects) = preSolution
		{7A02DAAF-93EC-4A69-85C1-4C07937B4071} = {A7B3F7A2-41F1-428B-BAB9-C0DABF08F7BB}
	EndGlobalSection
EndGlobal
